{
  "pins" : [
    {
      "identity" : "peertalk",
      "kind" : "remoteSourceControl",
      "location" : "https://github.com/EmergeTools/peertalk.git",
      "state" : {
        "branch" : "feature/spm",
        "revision" : "02b8bebff91cd3d7a5d89c0ddb4bbd873c62879d"
      }
    }
  ],
  "version" : 2
}
